// !$*UTF8*$!
{
	archiveVersion = 1;
	classes = {
	};
	objectVersion = 56;
	objects = {

/* Begin PBXBuildFile section */
		AB0000010000000000000001 /* StoogeApp.swift in Sources */ = {isa = PBXBuildFile; fileRef = AA0000010000000000000001 /* StoogeApp.swift */; };
		AB0000020000000000000001 /* ContentView.swift in Sources */ = {isa = PBXBuildFile; fileRef = AA0000020000000000000001 /* ContentView.swift */; };
		AB0000030000000000000001 /* Post.swift in Sources */ = {isa = PBXBuildFile; fileRef = AA0000030000000000000001 /* Post.swift */; };
		AB0000040000000000000001 /* User.swift in Sources */ = {isa = PBXBuildFile; fileRef = AA0000040000000000000001 /* User.swift */; };
		AB0000050000000000000001 /* Album.swift in Sources */ = {isa = PBXBuildFile; fileRef = AA0000050000000000000001 /* Album.swift */; };
		AB0000060000000000000001 /* Comment.swift in Sources */ = {isa = PBXBuildFile; fileRef = AA0000060000000000000001 /* Comment.swift */; };
		AB0000070000000000000001 /* Photo.swift in Sources */ = {isa = PBXBuildFile; fileRef = AA0000070000000000000001 /* Photo.swift */; };
		AB0000080000000000000001 /* APIService.swift in Sources */ = {isa = PBXBuildFile; fileRef = AA0000080000000000000001 /* APIService.swift */; };
		AB0000090000000000000001 /* PostsViewModel.swift in Sources */ = {isa = PBXBuildFile; fileRef = AA0000090000000000000001 /* PostsViewModel.swift */; };
		AB00000A0000000000000001 /* PostDetailViewModel.swift in Sources */ = {isa = PBXBuildFile; fileRef = AA00000A0000000000000001 /* PostDetailViewModel.swift */; };
		AB00000B0000000000000001 /* UsersViewModel.swift in Sources */ = {isa = PBXBuildFile; fileRef = AA00000B0000000000000001 /* UsersViewModel.swift */; };
		AB00000C0000000000000001 /* UserDetailViewModel.swift in Sources */ = {isa = PBXBuildFile; fileRef = AA00000C0000000000000001 /* UserDetailViewModel.swift */; };
		AB00000D0000000000000001 /* AlbumsViewModel.swift in Sources */ = {isa = PBXBuildFile; fileRef = AA00000D0000000000000001 /* AlbumsViewModel.swift */; };
		AB00000E0000000000000001 /* AlbumDetailViewModel.swift in Sources */ = {isa = PBXBuildFile; fileRef = AA00000E0000000000000001 /* AlbumDetailViewModel.swift */; };
		AB00000F0000000000000001 /* ViewState.swift in Sources */ = {isa = PBXBuildFile; fileRef = AA00000F0000000000000001 /* ViewState.swift */; };
		AB0000100000000000000001 /* PostsListView.swift in Sources */ = {isa = PBXBuildFile; fileRef = AA0000100000000000000001 /* PostsListView.swift */; };
		AB0000110000000000000001 /* PostRowView.swift in Sources */ = {isa = PBXBuildFile; fileRef = AA0000110000000000000001 /* PostRowView.swift */; };
		AB0000120000000000000001 /* PostDetailView.swift in Sources */ = {isa = PBXBuildFile; fileRef = AA0000120000000000000001 /* PostDetailView.swift */; };
		AB0000130000000000000001 /* UsersListView.swift in Sources */ = {isa = PBXBuildFile; fileRef = AA0000130000000000000001 /* UsersListView.swift */; };
		AB0000140000000000000001 /* UserRowView.swift in Sources */ = {isa = PBXBuildFile; fileRef = AA0000140000000000000001 /* UserRowView.swift */; };
		AB0000150000000000000001 /* UserDetailView.swift in Sources */ = {isa = PBXBuildFile; fileRef = AA0000150000000000000001 /* UserDetailView.swift */; };
		AB0000160000000000000001 /* AlbumsListView.swift in Sources */ = {isa = PBXBuildFile; fileRef = AA0000160000000000000001 /* AlbumsListView.swift */; };
		AB0000170000000000000001 /* AlbumRowView.swift in Sources */ = {isa = PBXBuildFile; fileRef = AA0000170000000000000001 /* AlbumRowView.swift */; };
		AB0000180000000000000001 /* AlbumDetailView.swift in Sources */ = {isa = PBXBuildFile; fileRef = AA0000180000000000000001 /* AlbumDetailView.swift */; };
		AB0000190000000000000001 /* ErrorView.swift in Sources */ = {isa = PBXBuildFile; fileRef = AA0000190000000000000001 /* ErrorView.swift */; };
		AB00001A0000000000000001 /* AvatarView.swift in Sources */ = {isa = PBXBuildFile; fileRef = AA00001A0000000000000001 /* AvatarView.swift */; };
		AB00001B0000000000000001 /* Assets.xcassets in Resources */ = {isa = PBXBuildFile; fileRef = AA00001B0000000000000001 /* Assets.xcassets */; };
		AB00001C0000000000000001 /* StoogeUITests.swift in Sources */ = {isa = PBXBuildFile; fileRef = AA00001C0000000000000001 /* StoogeUITests.swift */; };
/* End PBXBuildFile section */

/* Begin PBXContainerItemProxy section */
		BE0000010000000000000001 /* PBXContainerItemProxy */ = {
			isa = PBXContainerItemProxy;
			containerPortal = BC0000010000000000000001 /* Project object */;
			proxyType = 1;
			remoteGlobalIDString = AE0000010000000000000001;
			remoteInfo = Stooge;
		};
/* End PBXContainerItemProxy section */

/* Begin PBXFileReference section */
		AA0000010000000000000001 /* StoogeApp.swift */ = {isa = PBXFileReference; lastKnownFileType = sourcecode.swift; path = StoogeApp.swift; sourceTree = "<group>"; };
		AA0000020000000000000001 /* ContentView.swift */ = {isa = PBXFileReference; lastKnownFileType = sourcecode.swift; path = ContentView.swift; sourceTree = "<group>"; };
		AA0000030000000000000001 /* Post.swift */ = {isa = PBXFileReference; lastKnownFileType = sourcecode.swift; path = Post.swift; sourceTree = "<group>"; };
		AA0000040000000000000001 /* User.swift */ = {isa = PBXFileReference; lastKnownFileType = sourcecode.swift; path = User.swift; sourceTree = "<group>"; };
		AA0000050000000000000001 /* Album.swift */ = {isa = PBXFileReference; lastKnownFileType = sourcecode.swift; path = Album.swift; sourceTree = "<group>"; };
		AA0000060000000000000001 /* Comment.swift */ = {isa = PBXFileReference; lastKnownFileType = sourcecode.swift; path = Comment.swift; sourceTree = "<group>"; };
		AA0000070000000000000001 /* Photo.swift */ = {isa = PBXFileReference; lastKnownFileType = sourcecode.swift; path = Photo.swift; sourceTree = "<group>"; };
		AA0000080000000000000001 /* APIService.swift */ = {isa = PBXFileReference; lastKnownFileType = sourcecode.swift; path = APIService.swift; sourceTree = "<group>"; };
		AA0000090000000000000001 /* PostsViewModel.swift */ = {isa = PBXFileReference; lastKnownFileType = sourcecode.swift; path = PostsViewModel.swift; sourceTree = "<group>"; };
		AA00000A0000000000000001 /* PostDetailViewModel.swift */ = {isa = PBXFileReference; lastKnownFileType = sourcecode.swift; path = PostDetailViewModel.swift; sourceTree = "<group>"; };
		AA00000B0000000000000001 /* UsersViewModel.swift */ = {isa = PBXFileReference; lastKnownFileType = sourcecode.swift; path = UsersViewModel.swift; sourceTree = "<group>"; };
		AA00000C0000000000000001 /* UserDetailViewModel.swift */ = {isa = PBXFileReference; lastKnownFileType = sourcecode.swift; path = UserDetailViewModel.swift; sourceTree = "<group>"; };
		AA00000D0000000000000001 /* AlbumsViewModel.swift */ = {isa = PBXFileReference; lastKnownFileType = sourcecode.swift; path = AlbumsViewModel.swift; sourceTree = "<group>"; };
		AA00000E0000000000000001 /* AlbumDetailViewModel.swift */ = {isa = PBXFileReference; lastKnownFileType = sourcecode.swift; path = AlbumDetailViewModel.swift; sourceTree = "<group>"; };
		AA00000F0000000000000001 /* ViewState.swift */ = {isa = PBXFileReference; lastKnownFileType = sourcecode.swift; path = ViewState.swift; sourceTree = "<group>"; };
		AA0000100000000000000001 /* PostsListView.swift */ = {isa = PBXFileReference; lastKnownFileType = sourcecode.swift; path = PostsListView.swift; sourceTree = "<group>"; };
		AA0000110000000000000001 /* PostRowView.swift */ = {isa = PBXFileReference; lastKnownFileType = sourcecode.swift; path = PostRowView.swift; sourceTree = "<group>"; };
		AA0000120000000000000001 /* PostDetailView.swift */ = {isa = PBXFileReference; lastKnownFileType = sourcecode.swift; path = PostDetailView.swift; sourceTree = "<group>"; };
		AA0000130000000000000001 /* UsersListView.swift */ = {isa = PBXFileReference; lastKnownFileType = sourcecode.swift; path = UsersListView.swift; sourceTree = "<group>"; };
		AA0000140000000000000001 /* UserRowView.swift */ = {isa = PBXFileReference; lastKnownFileType = sourcecode.swift; path = UserRowView.swift; sourceTree = "<group>"; };
		AA0000150000000000000001 /* UserDetailView.swift */ = {isa = PBXFileReference; lastKnownFileType = sourcecode.swift; path = UserDetailView.swift; sourceTree = "<group>"; };
		AA0000160000000000000001 /* AlbumsListView.swift */ = {isa = PBXFileReference; lastKnownFileType = sourcecode.swift; path = AlbumsListView.swift; sourceTree = "<group>"; };
		AA0000170000000000000001 /* AlbumRowView.swift */ = {isa = PBXFileReference; lastKnownFileType = sourcecode.swift; path = AlbumRowView.swift; sourceTree = "<group>"; };
		AA0000180000000000000001 /* AlbumDetailView.swift */ = {isa = PBXFileReference; lastKnownFileType = sourcecode.swift; path = AlbumDetailView.swift; sourceTree = "<group>"; };
		AA0000190000000000000001 /* ErrorView.swift */ = {isa = PBXFileReference; lastKnownFileType = sourcecode.swift; path = ErrorView.swift; sourceTree = "<group>"; };
		AA00001A0000000000000001 /* AvatarView.swift */ = {isa = PBXFileReference; lastKnownFileType = sourcecode.swift; path = AvatarView.swift; sourceTree = "<group>"; };
		AA00001B0000000000000001 /* Assets.xcassets */ = {isa = PBXFileReference; lastKnownFileType = folder.assetcatalog; path = Assets.xcassets; sourceTree = "<group>"; };
		AA00001C0000000000000001 /* StoogeUITests.swift */ = {isa = PBXFileReference; lastKnownFileType = sourcecode.swift; path = StoogeUITests.swift; sourceTree = "<group>"; };
		AD0000010000000000000001 /* Stooge.app */ = {isa = PBXFileReference; explicitFileType = wrapper.application; includeInIndex = 0; path = Stooge.app; sourceTree = BUILT_PRODUCTS_DIR; };
		AD0000020000000000000001 /* StoogeUITests.xctest */ = {isa = PBXFileReference; explicitFileType = wrapper.cfbundle; includeInIndex = 0; path = StoogeUITests.xctest; sourceTree = BUILT_PRODUCTS_DIR; };
/* End PBXFileReference section */

/* Begin PBXFrameworksBuildPhase section */
		AF0000020000000000000001 /* Frameworks */ = {
			isa = PBXFrameworksBuildPhase;
			buildActionMask = 2147483647;
			files = (
			);
			runOnlyForDeploymentPostprocessing = 0;
		};
		AF0000050000000000000001 /* Frameworks */ = {
			isa = PBXFrameworksBuildPhase;
			buildActionMask = 2147483647;
			files = (
			);
			runOnlyForDeploymentPostprocessing = 0;
		};
/* End PBXFrameworksBuildPhase section */

/* Begin PBXGroup section */
		AC0000010000000000000001 = {
			isa = PBXGroup;
			children = (
				AC0000030000000000000001 /* Stooge */,
				AC00000C0000000000000001 /* StoogeUITests */,
				AC0000020000000000000001 /* Products */,
			);
			sourceTree = "<group>";
		};
		AC0000020000000000000001 /* Products */ = {
			isa = PBXGroup;
			children = (
				AD0000010000000000000001 /* Stooge.app */,
				AD0000020000000000000001 /* StoogeUITests.xctest */,
			);
			name = Products;
			sourceTree = "<group>";
		};
		AC0000030000000000000001 /* Stooge */ = {
			isa = PBXGroup;
			children = (
				AA0000010000000000000001 /* StoogeApp.swift */,
				AA0000020000000000000001 /* ContentView.swift */,
				AA00001B0000000000000001 /* Assets.xcassets */,
				AC0000040000000000000001 /* Models */,
				AC0000050000000000000001 /* Services */,
				AC0000060000000000000001 /* ViewModels */,
				AC0000070000000000000001 /* Views */,
			);
			path = Stooge;
			sourceTree = "<group>";
		};
		AC0000040000000000000001 /* Models */ = {
			isa = PBXGroup;
			children = (
				AA0000030000000000000001 /* Post.swift */,
				AA0000040000000000000001 /* User.swift */,
				AA0000050000000000000001 /* Album.swift */,
				AA0000060000000000000001 /* Comment.swift */,
				AA0000070000000000000001 /* Photo.swift */,
			);
			path = Models;
			sourceTree = "<group>";
		};
		AC0000050000000000000001 /* Services */ = {
			isa = PBXGroup;
			children = (
				AA0000080000000000000001 /* APIService.swift */,
			);
			path = Services;
			sourceTree = "<group>";
		};
		AC0000060000000000000001 /* ViewModels */ = {
			isa = PBXGroup;
			children = (
				AA00000F0000000000000001 /* ViewState.swift */,
				AA0000090000000000000001 /* PostsViewModel.swift */,
				AA00000A0000000000000001 /* PostDetailViewModel.swift */,
				AA00000B0000000000000001 /* UsersViewModel.swift */,
				AA00000C0000000000000001 /* UserDetailViewModel.swift */,
				AA00000D0000000000000001 /* AlbumsViewModel.swift */,
				AA00000E0000000000000001 /* AlbumDetailViewModel.swift */,
			);
			path = ViewModels;
			sourceTree = "<group>";
		};
		AC0000070000000000000001 /* Views */ = {
			isa = PBXGroup;
			children = (
				AC00000B0000000000000001 /* Components */,
				AC0000080000000000000001 /* Posts */,
				AC0000090000000000000001 /* Users */,
				AC00000A0000000000000001 /* Albums */,
			);
			path = Views;
			sourceTree = "<group>";
		};
		AC00000B0000000000000001 /* Components */ = {
			isa = PBXGroup;
			children = (
				AA0000190000000000000001 /* ErrorView.swift */,
				AA00001A0000000000000001 /* AvatarView.swift */,
			);
			path = Components;
			sourceTree = "<group>";
		};
		AC0000080000000000000001 /* Posts */ = {
			isa = PBXGroup;
			children = (
				AA0000100000000000000001 /* PostsListView.swift */,
				AA0000110000000000000001 /* PostRowView.swift */,
				AA0000120000000000000001 /* PostDetailView.swift */,
			);
			path = Posts;
			sourceTree = "<group>";
		};
		AC0000090000000000000001 /* Users */ = {
			isa = PBXGroup;
			children = (
				AA0000130000000000000001 /* UsersListView.swift */,
				AA0000140000000000000001 /* UserRowView.swift */,
				AA0000150000000000000001 /* UserDetailView.swift */,
			);
			path = Users;
			sourceTree = "<group>";
		};
		AC00000A0000000000000001 /* Albums */ = {
			isa = PBXGroup;
			children = (
				AA0000160000000000000001 /* AlbumsListView.swift */,
				AA0000170000000000000001 /* AlbumRowView.swift */,
				AA0000180000000000000001 /* AlbumDetailView.swift */,
			);
			path = Albums;
			sourceTree = "<group>";
		};
		AC00000C0000000000000001 /* StoogeUITests */ = {
			isa = PBXGroup;
			children = (
				AA00001C0000000000000001 /* StoogeUITests.swift */,
			);
			path = StoogeUITests;
			sourceTree = "<group>";
		};
/* End PBXGroup section */

/* Begin PBXNativeTarget section */
		AE0000010000000000000001 /* Stooge */ = {
			isa = PBXNativeTarget;
			buildConfigurationList = BA0000020000000000000001 /* Build configuration list for PBXNativeTarget "Stooge" */;
			buildPhases = (
				AF0000010000000000000001 /* Sources */,
				AF0000020000000000000001 /* Frameworks */,
				AF0000030000000000000001 /* Resources */,
			);
			buildRules = (
			);
			dependencies = (
			);
			name = Stooge;
			productName = Stooge;
			productReference = AD0000010000000000000001 /* Stooge.app */;
			productType = "com.apple.product-type.application";
		};
		AE0000020000000000000001 /* StoogeUITests */ = {
			isa = PBXNativeTarget;
			buildConfigurationList = BA0000030000000000000001 /* Build configuration list for PBXNativeTarget "StoogeUITests" */;
			buildPhases = (
				AF0000040000000000000001 /* Sources */,
				AF0000050000000000000001 /* Frameworks */,
				AF0000060000000000000001 /* Resources */,
			);
			buildRules = (
			);
			dependencies = (
				BD0000010000000000000001 /* PBXTargetDependency */,
			);
			name = StoogeUITests;
			productName = StoogeUITests;
			productReference = AD0000020000000000000001 /* StoogeUITests.xctest */;
			productType = "com.apple.product-type.bundle.ui-testing";
		};
/* End PBXNativeTarget section */

/* Begin PBXProject section */
		BC0000010000000000000001 /* Project object */ = {
			isa = PBXProject;
			attributes = {
				BuildIndependentTargetsInParallel = 1;
				LastSwiftUpdateCheck = 1530;
				LastUpgradeCheck = 1530;
				TargetAttributes = {
					AE0000010000000000000001 = {
						CreatedOnToolsVersion = 15.3;
					};
					AE0000020000000000000001 = {
						CreatedOnToolsVersion = 15.3;
						TestTargetID = AE0000010000000000000001;
					};
				};
			};
			buildConfigurationList = BA0000010000000000000001 /* Build configuration list for PBXProject "Stooge" */;
			compatibilityVersion = "Xcode 14.0";
			developmentRegion = en;
			hasScannedForEncodings = 0;
			knownRegions = (
				en,
				Base,
			);
			mainGroup = AC0000010000000000000001;
			productRefGroup = AC0000020000000000000001 /* Products */;
			projectDirPath = "";
			projectRoot = "";
			targets = (
				AE0000010000000000000001 /* Stooge */,
				AE0000020000000000000001 /* StoogeUITests */,
			);
		};
/* End PBXProject section */

/* Begin PBXResourcesBuildPhase section */
		AF0000030000000000000001 /* Resources */ = {
			isa = PBXResourcesBuildPhase;
			buildActionMask = 2147483647;
			files = (
				AB00001B0000000000000001 /* Assets.xcassets in Resources */,
			);
			runOnlyForDeploymentPostprocessing = 0;
		};
		AF0000060000000000000001 /* Resources */ = {
			isa = PBXResourcesBuildPhase;
			buildActionMask = 2147483647;
			files = (
			);
			runOnlyForDeploymentPostprocessing = 0;
		};
/* End PBXResourcesBuildPhase section */

/* Begin PBXSourcesBuildPhase section */
		AF0000010000000000000001 /* Sources */ = {
			isa = PBXSourcesBuildPhase;
			buildActionMask = 2147483647;
			files = (
				AB0000010000000000000001 /* StoogeApp.swift in Sources */,
				AB0000020000000000000001 /* ContentView.swift in Sources */,
				AB0000030000000000000001 /* Post.swift in Sources */,
				AB0000040000000000000001 /* User.swift in Sources */,
				AB0000050000000000000001 /* Album.swift in Sources */,
				AB0000060000000000000001 /* Comment.swift in Sources */,
				AB0000070000000000000001 /* Photo.swift in Sources */,
				AB0000080000000000000001 /* APIService.swift in Sources */,
				AB0000090000000000000001 /* PostsViewModel.swift in Sources */,
				AB00000A0000000000000001 /* PostDetailViewModel.swift in Sources */,
				AB00000B0000000000000001 /* UsersViewModel.swift in Sources */,
				AB00000C0000000000000001 /* UserDetailViewModel.swift in Sources */,
				AB00000D0000000000000001 /* AlbumsViewModel.swift in Sources */,
				AB00000E0000000000000001 /* AlbumDetailViewModel.swift in Sources */,
				AB00000F0000000000000001 /* ViewState.swift in Sources */,
				AB0000100000000000000001 /* PostsListView.swift in Sources */,
				AB0000110000000000000001 /* PostRowView.swift in Sources */,
				AB0000120000000000000001 /* PostDetailView.swift in Sources */,
				AB0000130000000000000001 /* UsersListView.swift in Sources */,
				AB0000140000000000000001 /* UserRowView.swift in Sources */,
				AB0000150000000000000001 /* UserDetailView.swift in Sources */,
				AB0000160000000000000001 /* AlbumsListView.swift in Sources */,
				AB0000170000000000000001 /* AlbumRowView.swift in Sources */,
				AB0000180000000000000001 /* AlbumDetailView.swift in Sources */,
				AB0000190000000000000001 /* ErrorView.swift in Sources */,
				AB00001A0000000000000001 /* AvatarView.swift in Sources */,
			);
			runOnlyForDeploymentPostprocessing = 0;
		};
		AF0000040000000000000001 /* Sources */ = {
			isa = PBXSourcesBuildPhase;
			buildActionMask = 2147483647;
			files = (
				AB00001C0000000000000001 /* StoogeUITests.swift in Sources */,
			);
			runOnlyForDeploymentPostprocessing = 0;
		};
/* End PBXSourcesBuildPhase section */

/* Begin PBXTargetDependency section */
		BD0000010000000000000001 /* PBXTargetDependency */ = {
			isa = PBXTargetDependency;
			target = AE0000010000000000000001 /* Stooge */;
			targetProxy = BE0000010000000000000001 /* PBXContainerItemProxy */;
		};
/* End PBXTargetDependency section */

/* Begin XCBuildConfiguration section */
		BB0000010000000000000001 /* Debug */ = {
			isa = XCBuildConfiguration;
			buildSettings = {
				ALWAYS_SEARCH_USER_PATHS = NO;
				ASSETCATALOG_COMPILER_GENERATE_ASSET_SYMBOLS = YES;
				CLANG_ANALYZER_NONNULL = YES;
				CLANG_ANALYZER_NUMBER_OBJECT_CONVERSION = YES_AGGRESSIVE;
				CLANG_CXX_LANGUAGE_STANDARD = "gnu++20";
				CLANG_ENABLE_MODULES = YES;
				CLANG_ENABLE_OBJC_ARC = YES;
				CLANG_ENABLE_OBJC_WEAK = YES;
				CLANG_WARN_BLOCK_CAPTURE_AUTORELEASING = YES;
				CLANG_WARN_BOOL_CONVERSION = YES;
				CLANG_WARN_COMMA = YES;
				CLANG_WARN_CONSTANT_CONVERSION = YES;
				CLANG_WARN_DEPRECATED_OBJC_IMPLEMENTATIONS = YES;
				CLANG_WARN_DIRECT_OBJC_ISA_USAGE = YES_ERROR;
				CLANG_WARN_DOCUMENTATION_COMMENTS = YES;
				CLANG_WARN_EMPTY_BODY = YES;
				CLANG_WARN_ENUM_CONVERSION = YES;
				CLANG_WARN_INFINITE_RECURSION = YES;
				CLANG_WARN_INT_CONVERSION = YES;
				CLANG_WARN_NON_LITERAL_NULL_CONVERSION = YES;
				CLANG_WARN_OBJC_IMPLICIT_RETAIN_SELF = YES;
				CLANG_WARN_OBJC_LITERAL_CONVERSION = YES;
				CLANG_WARN_OBJC_ROOT_CLASS = YES_ERROR;
				CLANG_WARN_QUOTED_INCLUDE_IN_FRAMEWORK_HEADER = YES;
				CLANG_WARN_RANGE_LOOP_ANALYSIS = YES;
				CLANG_WARN_STRICT_PROTOTYPES = YES;
				CLANG_WARN_SUSPICIOUS_MOVE = YES;
				CLANG_WARN_UNGUARDED_AVAILABILITY = YES_AGGRESSIVE;
				CLANG_WARN_UNREACHABLE_CODE = YES;
				CLANG_WARN__DUPLICATE_METHOD_MATCH = YES;
				COPY_PHASE_STRIP = NO;
				DEBUG_INFORMATION_FORMAT = dwarf;
				ENABLE_STRICT_OBJC_MSGSEND = YES;
				ENABLE_TESTABILITY = YES;
				ENABLE_USER_SCRIPT_SANDBOXING = YES;
				GCC_C_LANGUAGE_STANDARD = gnu17;
				GCC_DYNAMIC_NO_PIC = NO;
				GCC_NO_COMMON_BLOCKS = YES;
				GCC_OPTIMIZATION_LEVEL = 0;
				GCC_PREPROCESSOR_DEFINITIONS = (
					"DEBUG=1",
					"$(inherited)",
				);
				GCC_WARN_64_TO_32_BIT_CONVERSION = YES;
				GCC_WARN_ABOUT_RETURN_TYPE = YES_ERROR;
				GCC_WARN_UNDECLARED_SELECTOR = YES;
				GCC_WARN_UNINITIALIZED_AUTOS = YES_AGGRESSIVE;
				GCC_WARN_UNUSED_FUNCTION = YES;
				GCC_WARN_UNUSED_VARIABLE = YES;
				IPHONEOS_DEPLOYMENT_TARGET = 17.0;
				MTL_ENABLE_DEBUG_INFO = INCLUDE_SOURCE;
				MTL_FAST_MATH = YES;
				ONLY_ACTIVE_ARCH = YES;
				SDKROOT = iphoneos;
				SWIFT_ACTIVE_COMPILATION_CONDITIONS = DEBUG;
				SWIFT_OPTIMIZATION_LEVEL = "-Onone";
			};
			name = Debug;
		};
		BB0000020000000000000001 /* Release */ = {
			isa = XCBuildConfiguration;
			buildSettings = {
				ALWAYS_SEARCH_USER_PATHS = NO;
				ASSETCATALOG_COMPILER_GENERATE_ASSET_SYMBOLS = YES;
				CLANG_ANALYZER_NONNULL = YES;
				CLANG_ANALYZER_NUMBER_OBJECT_CONVERSION = YES_AGGRESSIVE;
				CLANG_CXX_LANGUAGE_STANDARD = "gnu++20";
				CLANG_ENABLE_MODULES = YES;
				CLANG_ENABLE_OBJC_ARC = YES;
				CLANG_ENABLE_OBJC_WEAK = YES;
				CLANG_WARN_BLOCK_CAPTURE_AUTORELEASING = YES;
				CLANG_WARN_BOOL_CONVERSION = YES;
				CLANG_WARN_COMMA = YES;
				CLANG_WARN_CONSTANT_CONVERSION = YES;
				CLANG_WARN_DEPRECATED_OBJC_IMPLEMENTATIONS = YES;
				CLANG_WARN_DIRECT_OBJC_ISA_USAGE = YES_ERROR;
				CLANG_WARN_DOCUMENTATION_COMMENTS = YES;
				CLANG_WARN_EMPTY_BODY = YES;
				CLANG_WARN_ENUM_CONVERSION = YES;
				CLANG_WARN_INFINITE_RECURSION = YES;
				CLANG_WARN_INT_CONVERSION = YES;
				CLANG_WARN_NON_LITERAL_NULL_CONVERSION = YES;
				CLANG_WARN_OBJC_IMPLICIT_RETAIN_SELF = YES;
				CLANG_WARN_OBJC_LITERAL_CONVERSION = YES;
				CLANG_WARN_OBJC_ROOT_CLASS = YES_ERROR;
				CLANG_WARN_QUOTED_INCLUDE_IN_FRAMEWORK_HEADER = YES;
				CLANG_WARN_RANGE_LOOP_ANALYSIS = YES;
				CLANG_WARN_STRICT_PROTOTYPES = YES;
				CLANG_WARN_SUSPICIOUS_MOVE = YES;
				CLANG_WARN_UNGUARDED_AVAILABILITY = YES_AGGRESSIVE;
				CLANG_WARN_UNREACHABLE_CODE = YES;
				CLANG_WARN__DUPLICATE_METHOD_MATCH = YES;
				COPY_PHASE_STRIP = NO;
				DEBUG_INFORMATION_FORMAT = "dwarf-with-dsym";
				ENABLE_NS_ASSERTIONS = NO;
				ENABLE_STRICT_OBJC_MSGSEND = YES;
				ENABLE_USER_SCRIPT_SANDBOXING = YES;
				GCC_C_LANGUAGE_STANDARD = gnu17;
				GCC_NO_COMMON_BLOCKS = YES;
				GCC_WARN_64_TO_32_BIT_CONVERSION = YES;
				GCC_WARN_ABOUT_RETURN_TYPE = YES_ERROR;
				GCC_WARN_UNDECLARED_SELECTOR = YES;
				GCC_WARN_UNINITIALIZED_AUTOS = YES_AGGRESSIVE;
				GCC_WARN_UNUSED_FUNCTION = YES;
				GCC_WARN_UNUSED_VARIABLE = YES;
				IPHONEOS_DEPLOYMENT_TARGET = 17.0;
				MTL_ENABLE_DEBUG_INFO = NO;
				MTL_FAST_MATH = YES;
				SDKROOT = iphoneos;
				SWIFT_COMPILATION_MODE = wholemodule;
				SWIFT_OPTIMIZATION_LEVEL = "-Osize";
				VALIDATE_PRODUCT = YES;
			};
			name = Release;
		};
		BB0000030000000000000001 /* Debug */ = {
			isa = XCBuildConfiguration;
			buildSettings = {
				ASSETCATALOG_COMPILER_APPICON_NAME = AppIcon;
				ASSETCATALOG_COMPILER_GLOBAL_ACCENT_COLOR_NAME = AccentColor;
				CODE_SIGN_STYLE = Automatic;
				CURRENT_PROJECT_VERSION = 1;
				ENABLE_PREVIEWS = YES;
				GENERATE_INFOPLIST_FILE = YES;
				INFOPLIST_KEY_NSAppTransportSecurity = "<dict><key>NSAllowsArbitraryLoads</key><false/></dict>";
				INFOPLIST_KEY_UIApplicationSceneManifest_Generation = YES;
				INFOPLIST_KEY_UIApplicationSupportsIndirectInputEvents = YES;
				INFOPLIST_KEY_UILaunchScreen_Generation = YES;
				INFOPLIST_KEY_UISupportedInterfaceOrientations_iPad = "UIInterfaceOrientationLandscapeLeft UIInterfaceOrientationLandscapeRight UIInterfaceOrientationPortrait UIInterfaceOrientationPortraitUpsideDown";
				INFOPLIST_KEY_UISupportedInterfaceOrientations_iPhone = "UIInterfaceOrientationPortrait";
				LD_RUNPATH_SEARCH_PATHS = (
					"$(inherited)",
					"@executable_path/Frameworks",
				);
				MARKETING_VERSION = 1.0;
				PRODUCT_BUNDLE_IDENTIFIER = "com.designerGenes.Stooge";
				PRODUCT_NAME = "$(TARGET_NAME)";
				SWIFT_EMIT_LOC_STRINGS = YES;
				SWIFT_VERSION = 5.0;
				TARGETED_DEVICE_FAMILY = "1,2";
			};
			name = Debug;
		};
		BB0000040000000000000001 /* Release */ = {
			isa = XCBuildConfiguration;
			buildSettings = {
				ASSETCATALOG_COMPILER_APPICON_NAME = AppIcon;
				ASSETCATALOG_COMPILER_GLOBAL_ACCENT_COLOR_NAME = AccentColor;
				CODE_SIGN_STYLE = Automatic;
				CURRENT_PROJECT_VERSION = 1;
				ENABLE_PREVIEWS = YES;
				GENERATE_INFOPLIST_FILE = YES;
				INFOPLIST_KEY_NSAppTransportSecurity = "<dict><key>NSAllowsArbitraryLoads</key><false/></dict>";
				INFOPLIST_KEY_UIApplicationSceneManifest_Generation = YES;
				INFOPLIST_KEY_UIApplicationSupportsIndirectInputEvents = YES;
				INFOPLIST_KEY_UILaunchScreen_Generation = YES;
				INFOPLIST_KEY_UISupportedInterfaceOrientations_iPad = "UIInterfaceOrientationLandscapeLeft UIInterfaceOrientationLandscapeRight UIInterfaceOrientationPortrait UIInterfaceOrientationPortraitUpsideDown";
				INFOPLIST_KEY_UISupportedInterfaceOrientations_iPhone = "UIInterfaceOrientationPortrait";
				LD_RUNPATH_SEARCH_PATHS = (
					"$(inherited)",
					"@executable_path/Frameworks",
				);
				MARKETING_VERSION = 1.0;
				PRODUCT_BUNDLE_IDENTIFIER = "com.designerGenes.Stooge";
				PRODUCT_NAME = "$(TARGET_NAME)";
				SWIFT_EMIT_LOC_STRINGS = YES;
				SWIFT_VERSION = 5.0;
				TARGETED_DEVICE_FAMILY = "1,2";
			};
			name = Release;
		};
		BB0000050000000000000001 /* Debug */ = {
			isa = XCBuildConfiguration;
			buildSettings = {
				CODE_SIGN_STYLE = Automatic;
				CURRENT_PROJECT_VERSION = 1;
				GENERATE_INFOPLIST_FILE = YES;
				LD_RUNPATH_SEARCH_PATHS = (
					"$(inherited)",
					"@executable_path/Frameworks",
					"@loader_path/Frameworks",
				);
				MARKETING_VERSION = 1.0;
				PRODUCT_BUNDLE_IDENTIFIER = "com.designerGenes.StoogeUITests";
				PRODUCT_NAME = "$(TARGET_NAME)";
				SWIFT_EMIT_LOC_STRINGS = NO;
				SWIFT_VERSION = 5.0;
				TARGETED_DEVICE_FAMILY = "1,2";
				TEST_TARGET_NAME = Stooge;
			};
			name = Debug;
		};
		BB0000060000000000000001 /* Release */ = {
			isa = XCBuildConfiguration;
			buildSettings = {
				CODE_SIGN_STYLE = Automatic;
				CURRENT_PROJECT_VERSION = 1;
				GENERATE_INFOPLIST_FILE = YES;
				LD_RUNPATH_SEARCH_PATHS = (
					"$(inherited)",
					"@executable_path/Frameworks",
					"@loader_path/Frameworks",
				);
				MARKETING_VERSION = 1.0;
				PRODUCT_BUNDLE_IDENTIFIER = "com.designerGenes.StoogeUITests";
				PRODUCT_NAME = "$(TARGET_NAME)";
				SWIFT_EMIT_LOC_STRINGS = NO;
				SWIFT_VERSION = 5.0;
				TARGETED_DEVICE_FAMILY = "1,2";
				TEST_TARGET_NAME = Stooge;
			};
			name = Release;
		};
/* End XCBuildConfiguration section */

/* Begin XCConfigurationList section */
		BA0000010000000000000001 /* Build configuration list for PBXProject "Stooge" */ = {
			isa = XCConfigurationList;
			buildConfigurations = (
				BB0000010000000000000001 /* Debug */,
				BB0000020000000000000001 /* Release */,
			);
			defaultConfigurationIsVisible = 0;
			defaultConfigurationName = Release;
		};
		BA0000020000000000000001 /* Build configuration list for PBXNativeTarget "Stooge" */ = {
			isa = XCConfigurationList;
			buildConfigurations = (
				BB0000030000000000000001 /* Debug */,
				BB0000040000000000000001 /* Release */,
			);
			defaultConfigurationIsVisible = 0;
			defaultConfigurationName = Release;
		};
		BA0000030000000000000001 /* Build configuration list for PBXNativeTarget "StoogeUITests" */ = {
			isa = XCConfigurationList;
			buildConfigurations = (
				BB0000050000000000000001 /* Debug */,
				BB0000060000000000000001 /* Release */,
			);
			defaultConfigurationIsVisible = 0;
			defaultConfigurationName = Release;
		};
/* End XCConfigurationList section */

	};
	rootObject = BC0000010000000000000001 /* Project object */;
}
